
Microsoft Visual Studio Solution File, Format Version 12.00
# Visual Studio Version 17
VisualStudioVersion = 17.8.34309.116
MinimumVisualStudioVersion = 10.0.40219.1
Project("{FAE04EC0-301F-11D3-BF4B-00C04F79EFBC}") = "SignalR.Blazor", "SignalR.Blazor\SignalR.Blazor.csproj", "{8445F347-27A7-4673-AA0E-F90A305AB4DD}"
EndProject
Global
	GlobalSection(SolutionConfigurationPlatforms) = preSolution
		Debug|Any CPU = Debug|Any CPU
		Release|Any CPU = Release|Any CPU
	EndGlobalSection
	GlobalSection(ProjectConfigurationPlatforms) = postSolution
		{8445F347-27A7-4673-AA0E-F90A305AB4DD}.Debug|Any CPU.ActiveCfg = Debug|Any CPU
		{8445F347-27A7-4673-AA0E-F90A305AB4DD}.Debug|Any CPU.Build.0 = Debug|Any CPU
		{8445F347-27A7-4673-AA0E-F90A305AB4DD}.Release|Any CPU.ActiveCfg = Release|Any CPU
		{8445F347-27A7-4673-AA0E-F90A305AB4DD}.Release|Any CPU.Build.0 = Release|Any CPU
	EndGlobalSection
	GlobalSection(SolutionProperties) = preSolution
		HideSolutionNode = FALSE
	EndGlobalSection
	GlobalSection(ExtensibilityGlobals) = postSolution
		SolutionGuid = {1A1577C0-3B75-4769-808D-8100FA7E019D}
	EndGlobalSection
EndGlobal
